version = 1
revision = 3
requires-python = ">=3.12"

[[package]]
name = "aoc-py"
version = "0.1.0"
source = { virtual = "." }
dependencies = [
    { name = "parsec" },
    { name = "pyunionfind" },
    { name = "z3-solver" },
]

[package.metadata]
requires-dist = [
    { name = "parsec", specifier = ">=3.17" },
    { name = "pyunionfind", specifier = ">=1.0.0" },
    { name = "z3-solver", specifier = ">=4.15.4.0" },
]

[[package]]
name = "parsec"
version = "3.17"
source = { registry = "https://pypi.org/simple" }
dependencies = [
    { name = "setuptools" },
]
sdist = { url = "https://files.pythonhosted.org/packages/50/70/fd65d87ab0afe9a669bb5b018fd5176749496086e38d2a4103efbe6c8bd8/parsec-3.17.tar.gz", hash = "sha256:9748d64af43184c2e5887b88f9fca45065df2bf00a18e42df185ebb2c92aea53", size = 17269, upload-time = "2024-06-06T01:58:39.588Z" }

[[package]]
name = "pyunionfind"
version = "1.0.0"
source = { registry = "https://pypi.org/simple" }
sdist = { url = "https://files.pythonhosted.org/packages/06/42/57eda03482c6ea46e8b6b6bc13f2c03bc221682839ac47a9e64b20fd3bcd/pyunionfind-1.0.0.tar.gz", hash = "sha256:74c9cef338d828ddcb853c6b07ddc1ff80a80abbd5c1feb11765fe784c94234f", size = 4679, upload-time = "2021-09-07T14:21:53.241Z" }
wheels = [
    { url = "https://files.pythonhosted.org/packages/8f/17/249829bb68c76e282697887e25479876d01b0cf1b878183068e7f3aa55a4/pyunionfind-1.0.0-py3-none-any.whl", hash = "sha256:e4918efbbde48afa845b5a521a4aea4c6f8c619e86ccc1732eb1cf3df2f52e3b", size = 4731, upload-time = "2021-09-07T14:21:51.538Z" },
]

[[package]]
name = "setuptools"
version = "80.9.0"
source = { registry = "https://pypi.org/simple" }
sdist = { url = "https://files.pythonhosted.org/packages/18/5d/3bf57dcd21979b887f014ea83c24ae194cfcd12b9e0fda66b957c69d1fca/setuptools-80.9.0.tar.gz", hash = "sha256:f36b47402ecde768dbfafc46e8e4207b4360c654f1f3bb84475f0a28628fb19c", size = 1319958, upload-time = "2025-05-27T00:56:51.443Z" }
wheels = [
    { url = "https://files.pythonhosted.org/packages/a3/dc/17031897dae0efacfea57dfd3a82fdd2a2aeb58e0ff71b77b87e44edc772/setuptools-80.9.0-py3-none-any.whl", hash = "sha256:062d34222ad13e0cc312a4c02d73f059e86a4acbfbdea8f8f76b28c99f306922", size = 1201486, upload-time = "2025-05-27T00:56:49.664Z" },
]

[[package]]
name = "z3-solver"
version = "4.15.4.0"
source = { registry = "https://pypi.org/simple" }
sdist = { url = "https://files.pythonhosted.org/packages/8a/8e/0c8f17309549d2e5cde9a3ccefa6365437f1e7bafe71878eaf9478e47b18/z3_solver-4.15.4.0.tar.gz", hash = "sha256:928c29b58c4eb62106da51c1914f6a4a55d0441f8f48a81b9da07950434a8946", size = 5018600, upload-time = "2025-10-29T18:12:03.062Z" }
wheels = [
    { url = "https://files.pythonhosted.org/packages/63/33/a3d5d2eaeb0f7b3174d57d405437eabb2075d4d50bd9ea0957696c435c7b/z3_solver-4.15.4.0-py3-none-macosx_13_0_arm64.whl", hash = "sha256:407e825cc9211f95ef46bdc8d151bf630e7ab2d62a21d24cd74c09cc5b73f3aa", size = 37052538, upload-time = "2025-10-29T18:11:46.233Z" },
    { url = "https://files.pythonhosted.org/packages/47/84/fd7ffac1551cd9f8d44fe41358f738be670fc4c24dfd514fab503f2cf3e7/z3_solver-4.15.4.0-py3-none-macosx_13_0_x86_64.whl", hash = "sha256:00bd10c5a6a5f6112d3a9a810d0799227e52f76caa860dafa5e00966bb47eb13", size = 39807925, upload-time = "2025-10-29T18:11:49.81Z" },
    { url = "https://files.pythonhosted.org/packages/21/c9/bb51a96af0091324c81b803f16c49f719f9f6ea0b0bb52200f5c97ec4892/z3_solver-4.15.4.0-py3-none-manylinux_2_17_x86_64.manylinux2014_x86_64.whl", hash = "sha256:7e103a6f203f505b8b8b8e5c931cc407c95b61556512d4921c1ddc0b3f41b08e", size = 29268352, upload-time = "2025-10-29T18:11:53.032Z" },
    { url = "https://files.pythonhosted.org/packages/bf/2e/0b49f7e4e53817cfb09a0f6585012b782dfe0b666e8abefcb4fac0570606/z3_solver-4.15.4.0-py3-none-manylinux_2_34_aarch64.whl", hash = "sha256:62c7e9cbdd711932301f29919ad9158de9b2f58b4d281dd259bbcd0a2f408ba1", size = 27226534, upload-time = "2025-10-29T18:11:55.59Z" },
    { url = "https://files.pythonhosted.org/packages/26/91/33de49538444d4aafbe47415c450c2f9abab1733e1226f276b496672f46c/z3_solver-4.15.4.0-py3-none-win32.whl", hash = "sha256:be3bc916545c96ffbf89e00d07104ff14f78336e55db069177a1bfbcc01b269d", size = 13191672, upload-time = "2025-10-29T18:11:58.424Z" },
    { url = "https://files.pythonhosted.org/packages/03/d6/a0b135e4419df475177ae78fc93c422430b0fd8875649486f9a5989772e6/z3_solver-4.15.4.0-py3-none-win_amd64.whl", hash = "sha256:00e35b02632ed085ea8199fb230f6015e6fc40554a6680c097bd5f060e827431", size = 16259597, upload-time = "2025-10-29T18:12:01.14Z" },
]
